
Microsoft Visual Studio Solution File, Format Version 12.00
# Visual Studio Version 16
VisualStudioVersion = 16.0.30406.217
MinimumVisualStudioVersion = 15.0.26124.0
Project("{9A19103F-16F7-4668-BE54-9A1E7A4F7556}") = "FloridaImportdotnet", "FloridaImportdotnet\FloridaImportdotnet.csproj", "{50E6D447-1025-4124-B2E3-6AF4FABE3604}"
EndProject
Project("{9A19103F-16F7-4668-BE54-9A1E7A4F7556}") = "Entity", "Entity\Entity.csproj", "{77CCC71B-DA57-4F71-9DA2-A3C8331576FA}"
EndProject
Project("{9A19103F-16F7-4668-BE54-9A1E7A4F7556}") = "Logica", "Logica\Logica.csproj", "{11DC463F-CA7D-4CCF-897E-5E45418693C6}"
EndProject
Project("{9A19103F-16F7-4668-BE54-9A1E7A4F7556}") = "Datos", "Datos\Datos.csproj", "{C326E0E0-FFDB-431F-A6B8-B942E8015645}"
EndProject
Project("{FAE04EC0-301F-11D3-BF4B-00C04F79EFBC}") = "FloridaImportTest", "FloridaImportTest\FloridaImportTest.csproj", "{B77BE11D-9CE4-46F2-AFF5-F36CD313A5F7}"
EndProject
Global
	GlobalSection(SolutionConfigurationPlatforms) = preSolution
		Debug|Any CPU = Debug|Any CPU
		Debug|x64 = Debug|x64
		Debug|x86 = Debug|x86
		Release|Any CPU = Release|Any CPU
		Release|x64 = Release|x64
		Release|x86 = Release|x86
	EndGlobalSection
	GlobalSection(ProjectConfigurationPlatforms) = postSolution
		{50E6D447-1025-4124-B2E3-6AF4FABE3604}.Debug|Any CPU.ActiveCfg = Debug|Any CPU
		{50E6D447-1025-4124-B2E3-6AF4FABE3604}.Debug|Any CPU.Build.0 = Debug|Any CPU
		{50E6D447-1025-4124-B2E3-6AF4FABE3604}.Debug|x64.ActiveCfg = Debug|Any CPU
		{50E6D447-1025-4124-B2E3-6AF4FABE3604}.Debug|x64.Build.0 = Debug|Any CPU
		{50E6D447-1025-4124-B2E3-6AF4FABE3604}.Debug|x86.ActiveCfg = Debug|Any CPU
		{50E6D447-1025-4124-B2E3-6AF4FABE3604}.Debug|x86.Build.0 = Debug|Any CPU
		{50E6D447-1025-4124-B2E3-6AF4FABE3604}.Release|Any CPU.ActiveCfg = Release|Any CPU
		{50E6D447-1025-4124-B2E3-6AF4FABE3604}.Release|Any CPU.Build.0 = Release|Any CPU
		{50E6D447-1025-4124-B2E3-6AF4FABE3604}.Release|x64.ActiveCfg = Release|Any CPU
		{50E6D447-1025-4124-B2E3-6AF4FABE3604}.Release|x64.Build.0 = Release|Any CPU
		{50E6D447-1025-4124-B2E3-6AF4FABE3604}.Release|x86.ActiveCfg = Release|Any CPU
		{50E6D447-1025-4124-B2E3-6AF4FABE3604}.Release|x86.Build.0 = Release|Any CPU
		{77CCC71B-DA57-4F71-9DA2-A3C8331576FA}.Debug|Any CPU.ActiveCfg = Debug|Any CPU
		{77CCC71B-DA57-4F71-9DA2-A3C8331576FA}.Debug|Any CPU.Build.0 = Debug|Any CPU
		{77CCC71B-DA57-4F71-9DA2-A3C8331576FA}.Debug|x64.ActiveCfg = Debug|Any CPU
		{77CCC71B-DA57-4F71-9DA2-A3C8331576FA}.Debug|x64.Build.0 = Debug|Any CPU
		{77CCC71B-DA57-4F71-9DA2-A3C8331576FA}.Debug|x86.ActiveCfg = Debug|Any CPU
		{77CCC71B-DA57-4F71-9DA2-A3C8331576FA}.Debug|x86.Build.0 = Debug|Any CPU
		{77CCC71B-DA57-4F71-9DA2-A3C8331576FA}.Release|Any CPU.ActiveCfg = Release|Any CPU
		{77CCC71B-DA57-4F71-9DA2-A3C8331576FA}.Release|Any CPU.Build.0 = Release|Any CPU
		{77CCC71B-DA57-4F71-9DA2-A3C8331576FA}.Release|x64.ActiveCfg = Release|Any CPU
		{77CCC71B-DA57-4F71-9DA2-A3C8331576FA}.Release|x64.Build.0 = Release|Any CPU
		{77CCC71B-DA57-4F71-9DA2-A3C8331576FA}.Release|x86.ActiveCfg = Release|Any CPU
		{77CCC71B-DA57-4F71-9DA2-A3C8331576FA}.Release|x86.Build.0 = Release|Any CPU
		{11DC463F-CA7D-4CCF-897E-5E45418693C6}.Debug|Any CPU.ActiveCfg = Debug|Any CPU
		{11DC463F-CA7D-4CCF-897E-5E45418693C6}.Debug|Any CPU.Build.0 = Debug|Any CPU
		{11DC463F-CA7D-4CCF-897E-5E45418693C6}.Debug|x64.ActiveCfg = Debug|Any CPU
		{11DC463F-CA7D-4CCF-897E-5E45418693C6}.Debug|x64.Build.0 = Debug|Any CPU
		{11DC463F-CA7D-4CCF-897E-5E45418693C6}.Debug|x86.ActiveCfg = Debug|Any CPU
		{11DC463F-CA7D-4CCF-897E-5E45418693C6}.Debug|x86.Build.0 = Debug|Any CPU
		{11DC463F-CA7D-4CCF-897E-5E45418693C6}.Release|Any CPU.ActiveCfg = Release|Any CPU
		{11DC463F-CA7D-4CCF-897E-5E45418693C6}.Release|Any CPU.Build.0 = Release|Any CPU
		{11DC463F-CA7D-4CCF-897E-5E45418693C6}.Release|x64.ActiveCfg = Release|Any CPU
		{11DC463F-CA7D-4CCF-897E-5E45418693C6}.Release|x64.Build.0 = Release|Any CPU
		{11DC463F-CA7D-4CCF-897E-5E45418693C6}.Release|x86.ActiveCfg = Release|Any CPU
		{11DC463F-CA7D-4CCF-897E-5E45418693C6}.Release|x86.Build.0 = Release|Any CPU
		{C326E0E0-FFDB-431F-A6B8-B942E8015645}.Debug|Any CPU.ActiveCfg = Debug|Any CPU
		{C326E0E0-FFDB-431F-A6B8-B942E8015645}.Debug|Any CPU.Build.0 = Debug|Any CPU
		{C326E0E0-FFDB-431F-A6B8-B942E8015645}.Debug|x64.ActiveCfg = Debug|Any CPU
		{C326E0E0-FFDB-431F-A6B8-B942E8015645}.Debug|x64.Build.0 = Debug|Any CPU
		{C326E0E0-FFDB-431F-A6B8-B942E8015645}.Debug|x86.ActiveCfg = Debug|Any CPU
		{C326E0E0-FFDB-431F-A6B8-B942E8015645}.Debug|x86.Build.0 = Debug|Any CPU
		{C326E0E0-FFDB-431F-A6B8-B942E8015645}.Release|Any CPU.ActiveCfg = Release|Any CPU
		{C326E0E0-FFDB-431F-A6B8-B942E8015645}.Release|Any CPU.Build.0 = Release|Any CPU
		{C326E0E0-FFDB-431F-A6B8-B942E8015645}.Release|x64.ActiveCfg = Release|Any CPU
		{C326E0E0-FFDB-431F-A6B8-B942E8015645}.Release|x64.Build.0 = Release|Any CPU
		{C326E0E0-FFDB-431F-A6B8-B942E8015645}.Release|x86.ActiveCfg = Release|Any CPU
		{C326E0E0-FFDB-431F-A6B8-B942E8015645}.Release|x86.Build.0 = Release|Any CPU
		{B77BE11D-9CE4-46F2-AFF5-F36CD313A5F7}.Debug|Any CPU.ActiveCfg = Debug|Any CPU
		{B77BE11D-9CE4-46F2-AFF5-F36CD313A5F7}.Debug|Any CPU.Build.0 = Debug|Any CPU
		{B77BE11D-9CE4-46F2-AFF5-F36CD313A5F7}.Debug|x64.ActiveCfg = Debug|Any CPU
		{B77BE11D-9CE4-46F2-AFF5-F36CD313A5F7}.Debug|x64.Build.0 = Debug|Any CPU
		{B77BE11D-9CE4-46F2-AFF5-F36CD313A5F7}.Debug|x86.ActiveCfg = Debug|Any CPU
		{B77BE11D-9CE4-46F2-AFF5-F36CD313A5F7}.Debug|x86.Build.0 = Debug|Any CPU
		{B77BE11D-9CE4-46F2-AFF5-F36CD313A5F7}.Release|Any CPU.ActiveCfg = Release|Any CPU
		{B77BE11D-9CE4-46F2-AFF5-F36CD313A5F7}.Release|Any CPU.Build.0 = Release|Any CPU
		{B77BE11D-9CE4-46F2-AFF5-F36CD313A5F7}.Release|x64.ActiveCfg = Release|Any CPU
		{B77BE11D-9CE4-46F2-AFF5-F36CD313A5F7}.Release|x64.Build.0 = Release|Any CPU
		{B77BE11D-9CE4-46F2-AFF5-F36CD313A5F7}.Release|x86.ActiveCfg = Release|Any CPU
		{B77BE11D-9CE4-46F2-AFF5-F36CD313A5F7}.Release|x86.Build.0 = Release|Any CPU
	EndGlobalSection
	GlobalSection(SolutionProperties) = preSolution
		HideSolutionNode = FALSE
	EndGlobalSection
	GlobalSection(ExtensibilityGlobals) = postSolution
		SolutionGuid = {8FC65EAD-39AD-4F12-8FFF-D4967B9D4D15}
	EndGlobalSection
EndGlobal
